// !$*UTF8*$!
{
	archiveVersion = 1;
	classes = {
	};
	objectVersion = 55;
	objects = {

/* Begin PBXBuildFile section */
		84702889285892F600260E0A /* MVVMPracticeApp.swift in Sources */ = {isa = PBXBuildFile; fileRef = 84702888285892F600260E0A /* MVVMPracticeApp.swift */; };
		8470288B285892F600260E0A /* ContentView.swift in Sources */ = {isa = PBXBuildFile; fileRef = 8470288A285892F600260E0A /* ContentView.swift */; };
		8470288D285892FA00260E0A /* Assets.xcassets in Resources */ = {isa = PBXBuildFile; fileRef = 8470288C285892FA00260E0A /* Assets.xcassets */; };
		84702890285892FA00260E0A /* Preview Assets.xcassets in Resources */ = {isa = PBXBuildFile; fileRef = 8470288F285892FA00260E0A /* Preview Assets.xcassets */; };
		8470289A285892FA00260E0A /* MVVMPracticeTests.swift in Sources */ = {isa = PBXBuildFile; fileRef = 84702899285892FA00260E0A /* MVVMPracticeTests.swift */; };
		847028A4285892FA00260E0A /* MVVMPracticeUITests.swift in Sources */ = {isa = PBXBuildFile; fileRef = 847028A3285892FA00260E0A /* MVVMPracticeUITests.swift */; };
		847028A6285892FA00260E0A /* MVVMPracticeUITestsLaunchTests.swift in Sources */ = {isa = PBXBuildFile; fileRef = 847028A5285892FA00260E0A /* MVVMPracticeUITestsLaunchTests.swift */; };
/* End PBXBuildFile section */

/* Begin PBXContainerItemProxy section */
		84702896285892FA00260E0A /* PBXContainerItemProxy */ = {
			isa = PBXContainerItemProxy;
			containerPortal = 8470287D285892F600260E0A /* Project object */;
			proxyType = 1;
			remoteGlobalIDString = 84702884285892F600260E0A;
			remoteInfo = MVVMPractice;
		};
		847028A0285892FA00260E0A /* PBXContainerItemProxy */ = {
			isa = PBXContainerItemProxy;
			containerPortal = 8470287D285892F600260E0A /* Project object */;
			proxyType = 1;
			remoteGlobalIDString = 84702884285892F600260E0A;
			remoteInfo = MVVMPractice;
		};
/* End PBXContainerItemProxy section */

/* Begin PBXFileReference section */
		84702885285892F600260E0A /* MVVMPractice.app */ = {isa = PBXFileReference; explicitFileType = wrapper.application; includeInIndex = 0; path = MVVMPractice.app; sourceTree = BUILT_PRODUCTS_DIR; };
		84702888285892F600260E0A /* MVVMPracticeApp.swift */ = {isa = PBXFileReference; lastKnownFileType = sourcecode.swift; path = MVVMPracticeApp.swift; sourceTree = "<group>"; };
		8470288A285892F600260E0A /* ContentView.swift */ = {isa = PBXFileReference; lastKnownFileType = sourcecode.swift; path = ContentView.swift; sourceTree = "<group>"; };
		8470288C285892FA00260E0A /* Assets.xcassets */ = {isa = PBXFileReference; lastKnownFileType = folder.assetcatalog; path = Assets.xcassets; sourceTree = "<group>"; };
		8470288F285892FA00260E0A /* Preview Assets.xcassets */ = {isa = PBXFileReference; lastKnownFileType = folder.assetcatalog; path = "Preview Assets.xcassets"; sourceTree = "<group>"; };
		84702895285892FA00260E0A /* MVVMPracticeTests.xctest */ = {isa = PBXFileReference; explicitFileType = wrapper.cfbundle; includeInIndex = 0; path = MVVMPracticeTests.xctest; sourceTree = BUILT_PRODUCTS_DIR; };
		84702899285892FA00260E0A /* MVVMPracticeTests.swift */ = {isa = PBXFileReference; lastKnownFileType = sourcecode.swift; path = MVVMPracticeTests.swift; sourceTree = "<group>"; };
		8470289F285892FA00260E0A /* MVVMPracticeUITests.xctest */ = {isa = PBXFileReference; explicitFileType = wrapper.cfbundle; includeInIndex = 0; path = MVVMPracticeUITests.xctest; sourceTree = BUILT_PRODUCTS_DIR; };
		847028A3285892FA00260E0A /* MVVMPracticeUITests.swift */ = {isa = PBXFileReference; lastKnownFileType = sourcecode.swift; path = MVVMPracticeUITests.swift; sourceTree = "<group>"; };
		847028A5285892FA00260E0A /* MVVMPracticeUITestsLaunchTests.swift */ = {isa = PBXFileReference; lastKnownFileType = sourcecode.swift; path = MVVMPracticeUITestsLaunchTests.swift; sourceTree = "<group>"; };
/* End PBXFileReference section */

/* Begin PBXFrameworksBuildPhase section */
		84702882285892F600260E0A /* Frameworks */ = {
			isa = PBXFrameworksBuildPhase;
			buildActionMask = 2147483647;
			files = (
			);
			runOnlyForDeploymentPostprocessing = 0;
		};
		84702892285892FA00260E0A /* Frameworks */ = {
			isa = PBXFrameworksBuildPhase;
			buildActionMask = 2147483647;
			files = (
			);
			runOnlyForDeploymentPostprocessing = 0;
		};
		8470289C285892FA00260E0A /* Frameworks */ = {
			isa = PBXFrameworksBuildPhase;
			buildActionMask = 2147483647;
			files = (
			);
			runOnlyForDeploymentPostprocessing = 0;
		};
/* End PBXFrameworksBuildPhase section */

/* Begin PBXGroup section */
		8470287C285892F600260E0A = {
			isa = PBXGroup;
			children = (
				84702887285892F600260E0A /* MVVMPractice */,
				84702898285892FA00260E0A /* MVVMPracticeTests */,
				847028A2285892FA00260E0A /* MVVMPracticeUITests */,
				84702886285892F600260E0A /* Products */,
			);
			sourceTree = "<group>";
		};
		84702886285892F600260E0A /* Products */ = {
			isa = PBXGroup;
			children = (
				84702885285892F600260E0A /* MVVMPractice.app */,
				84702895285892FA00260E0A /* MVVMPracticeTests.xctest */,
				8470289F285892FA00260E0A /* MVVMPracticeUITests.xctest */,
			);
			name = Products;
			sourceTree = "<group>";
		};
		84702887285892F600260E0A /* MVVMPractice */ = {
			isa = PBXGroup;
			children = (
				84702888285892F600260E0A /* MVVMPracticeApp.swift */,
				8470288A285892F600260E0A /* ContentView.swift */,
				8470288C285892FA00260E0A /* Assets.xcassets */,
				8470288E285892FA00260E0A /* Preview Content */,
			);
			path = MVVMPractice;
			sourceTree = "<group>";
		};
		8470288E285892FA00260E0A /* Preview Content */ = {
			isa = PBXGroup;
			children = (
				8470288F285892FA00260E0A /* Preview Assets.xcassets */,
			);
			path = "Preview Content";
			sourceTree = "<group>";
		};
		84702898285892FA00260E0A /* MVVMPracticeTests */ = {
			isa = PBXGroup;
			children = (
				84702899285892FA00260E0A /* MVVMPracticeTests.swift */,
			);
			path = MVVMPracticeTests;
			sourceTree = "<group>";
		};
		847028A2285892FA00260E0A /* MVVMPracticeUITests */ = {
			isa = PBXGroup;
			children = (
				847028A3285892FA00260E0A /* MVVMPracticeUITests.swift */,
				847028A5285892FA00260E0A /* MVVMPracticeUITestsLaunchTests.swift */,
			);
			path = MVVMPracticeUITests;
			sourceTree = "<group>";
		};
/* End PBXGroup section */

/* Begin PBXNativeTarget section */
		84702884285892F600260E0A /* MVVMPractice */ = {
			isa = PBXNativeTarget;
			buildConfigurationList = 847028A9285892FA00260E0A /* Build configuration list for PBXNativeTarget "MVVMPractice" */;
			buildPhases = (
				84702881285892F600260E0A /* Sources */,
				84702882285892F600260E0A /* Frameworks */,
				84702883285892F600260E0A /* Resources */,
			);
			buildRules = (
			);
			dependencies = (
			);
			name = MVVMPractice;
			productName = MVVMPractice;
			productReference = 84702885285892F600260E0A /* MVVMPractice.app */;
			productType = "com.apple.product-type.application";
		};
		84702894285892FA00260E0A /* MVVMPracticeTests */ = {
			isa = PBXNativeTarget;
			buildConfigurationList = 847028AC285892FA00260E0A /* Build configuration list for PBXNativeTarget "MVVMPracticeTests" */;
			buildPhases = (
				84702891285892FA00260E0A /* Sources */,
				84702892285892FA00260E0A /* Frameworks */,
				84702893285892FA00260E0A /* Resources */,
			);
			buildRules = (
			);
			dependencies = (
				84702897285892FA00260E0A /* PBXTargetDependency */,
			);
			name = MVVMPracticeTests;
			productName = MVVMPracticeTests;
			productReference = 84702895285892FA00260E0A /* MVVMPracticeTests.xctest */;
			productType = "com.apple.product-type.bundle.unit-test";
		};
		8470289E285892FA00260E0A /* MVVMPracticeUITests */ = {
			isa = PBXNativeTarget;
			buildConfigurationList = 847028AF285892FA00260E0A /* Build configuration list for PBXNativeTarget "MVVMPracticeUITests" */;
			buildPhases = (
				8470289B285892FA00260E0A /* Sources */,
				8470289C285892FA00260E0A /* Frameworks */,
				8470289D285892FA00260E0A /* Resources */,
			);
			buildRules = (
			);
			dependencies = (
				847028A1285892FA00260E0A /* PBXTargetDependency */,
			);
			name = MVVMPracticeUITests;
			productName = MVVMPracticeUITests;
			productReference = 8470289F285892FA00260E0A /* MVVMPracticeUITests.xctest */;
			productType = "com.apple.product-type.bundle.ui-testing";
		};
/* End PBXNativeTarget section */

/* Begin PBXProject section */
		8470287D285892F600260E0A /* Project object */ = {
			isa = PBXProject;
			attributes = {
				BuildIndependentTargetsInParallel = 1;
				LastSwiftUpdateCheck = 1340;
				LastUpgradeCheck = 1340;
				TargetAttributes = {
					84702884285892F600260E0A = {
						CreatedOnToolsVersion = 13.4.1;
					};
					84702894285892FA00260E0A = {
						CreatedOnToolsVersion = 13.4.1;
						TestTargetID = 84702884285892F600260E0A;
					};
					8470289E285892FA00260E0A = {
						CreatedOnToolsVersion = 13.4.1;
						TestTargetID = 84702884285892F600260E0A;
					};
				};
			};
			buildConfigurationList = 84702880285892F600260E0A /* Build configuration list for PBXProject "MVVMPractice" */;
			compatibilityVersion = "Xcode 13.0";
			developmentRegion = en;
			hasScannedForEncodings = 0;
			knownRegions = (
				en,
				Base,
			);
			mainGroup = 8470287C285892F600260E0A;
			productRefGroup = 84702886285892F600260E0A /* Products */;
			projectDirPath = "";
			projectRoot = "";
			targets = (
				84702884285892F600260E0A /* MVVMPractice */,
				84702894285892FA00260E0A /* MVVMPracticeTests */,
				8470289E285892FA00260E0A /* MVVMPracticeUITests */,
			);
		};
/* End PBXProject section */

/* Begin PBXResourcesBuildPhase section */
		84702883285892F600260E0A /* Resources */ = {
			isa = PBXResourcesBuildPhase;
			buildActionMask = 2147483647;
			files = (
				84702890285892FA00260E0A /* Preview Assets.xcassets in Resources */,
				8470288D285892FA00260E0A /* Assets.xcassets in Resources */,
			);
			runOnlyForDeploymentPostprocessing = 0;
		};
		84702893285892FA00260E0A /* Resources */ = {
			isa = PBXResourcesBuildPhase;
			buildActionMask = 2147483647;
			files = (
			);
			runOnlyForDeploymentPostprocessing = 0;
		};
		8470289D285892FA00260E0A /* Resources */ = {
			isa = PBXResourcesBuildPhase;
			buildActionMask = 2147483647;
			files = (
			);
			runOnlyForDeploymentPostprocessing = 0;
		};
/* End PBXResourcesBuildPhase section */

/* Begin PBXSourcesBuildPhase section */
		84702881285892F600260E0A /* Sources */ = {
			isa = PBXSourcesBuildPhase;
			buildActionMask = 2147483647;
			files = (
				8470288B285892F600260E0A /* ContentView.swift in Sources */,
				84702889285892F600260E0A /* MVVMPracticeApp.swift in Sources */,
			);
			runOnlyForDeploymentPostprocessing = 0;
		};
		84702891285892FA00260E0A /* Sources */ = {
			isa = PBXSourcesBuildPhase;
			buildActionMask = 2147483647;
			files = (
				8470289A285892FA00260E0A /* MVVMPracticeTests.swift in Sources */,
			);
			runOnlyForDeploymentPostprocessing = 0;
		};
		8470289B285892FA00260E0A /* Sources */ = {
			isa = PBXSourcesBuildPhase;
			buildActionMask = 2147483647;
			files = (
				847028A4285892FA00260E0A /* MVVMPracticeUITests.swift in Sources */,
				847028A6285892FA00260E0A /* MVVMPracticeUITestsLaunchTests.swift in Sources */,
			);
			runOnlyForDeploymentPostprocessing = 0;
		};
/* End PBXSourcesBuildPhase section */

/* Begin PBXTargetDependency section */
		84702897285892FA00260E0A /* PBXTargetDependency */ = {
			isa = PBXTargetDependency;
			target = 84702884285892F600260E0A /* MVVMPractice */;
			targetProxy = 84702896285892FA00260E0A /* PBXContainerItemProxy */;
		};
		847028A1285892FA00260E0A /* PBXTargetDependency */ = {
			isa = PBXTargetDependency;
			target = 84702884285892F600260E0A /* MVVMPractice */;
			targetProxy = 847028A0285892FA00260E0A /* PBXContainerItemProxy */;
		};
/* End PBXTargetDependency section */

/* Begin XCBuildConfiguration section */
		847028A7285892FA00260E0A /* Debug */ = {
			isa = XCBuildConfiguration;
			buildSettings = {
				ALWAYS_SEARCH_USER_PATHS = NO;
				CLANG_ANALYZER_NONNULL = YES;
				CLANG_ANALYZER_NUMBER_OBJECT_CONVERSION = YES_AGGRESSIVE;
				CLANG_CXX_LANGUAGE_STANDARD = "gnu++17";
				CLANG_ENABLE_MODULES = YES;
				CLANG_ENABLE_OBJC_ARC = YES;
				CLANG_ENABLE_OBJC_WEAK = YES;
				CLANG_WARN_BLOCK_CAPTURE_AUTORELEASING = YES;
				CLANG_WARN_BOOL_CONVERSION = YES;
				CLANG_WARN_COMMA = YES;
				CLANG_WARN_CONSTANT_CONVERSION = YES;
				CLANG_WARN_DEPRECATED_OBJC_IMPLEMENTATIONS = YES;
				CLANG_WARN_DIRECT_OBJC_ISA_USAGE = YES_ERROR;
				CLANG_WARN_DOCUMENTATION_COMMENTS = YES;
				CLANG_WARN_EMPTY_BODY = YES;
				CLANG_WARN_ENUM_CONVERSION = YES;
				CLANG_WARN_INFINITE_RECURSION = YES;
				CLANG_WARN_INT_CONVERSION = YES;
				CLANG_WARN_NON_LITERAL_NULL_CONVERSION = YES;
				CLANG_WARN_OBJC_IMPLICIT_RETAIN_SELF = YES;
				CLANG_WARN_OBJC_LITERAL_CONVERSION = YES;
				CLANG_WARN_OBJC_ROOT_CLASS = YES_ERROR;
				CLANG_WARN_QUOTED_INCLUDE_IN_FRAMEWORK_HEADER = YES;
				CLANG_WARN_RANGE_LOOP_ANALYSIS = YES;
				CLANG_WARN_STRICT_PROTOTYPES = YES;
				CLANG_WARN_SUSPICIOUS_MOVE = YES;
				CLANG_WARN_UNGUARDED_AVAILABILITY = YES_AGGRESSIVE;
				CLANG_WARN_UNREACHABLE_CODE = YES;
				CLANG_WARN__DUPLICATE_METHOD_MATCH = YES;
				COPY_PHASE_STRIP = NO;
				DEBUG_INFORMATION_FORMAT = dwarf;
				ENABLE_STRICT_OBJC_MSGSEND = YES;
				ENABLE_TESTABILITY = YES;
				GCC_C_LANGUAGE_STANDARD = gnu11;
				GCC_DYNAMIC_NO_PIC = NO;
				GCC_NO_COMMON_BLOCKS = YES;
				GCC_OPTIMIZATION_LEVEL = 0;
				GCC_PREPROCESSOR_DEFINITIONS = (
					"DEBUG=1",
					"$(inherited)",
				);
				GCC_WARN_64_TO_32_BIT_CONVERSION = YES;
				GCC_WARN_ABOUT_RETURN_TYPE = YES_ERROR;
				GCC_WARN_UNDECLARED_SELECTOR = YES;
				GCC_WARN_UNINITIALIZED_AUTOS = YES_AGGRESSIVE;
				GCC_WARN_UNUSED_FUNCTION = YES;
				GCC_WARN_UNUSED_VARIABLE = YES;
				IPHONEOS_DEPLOYMENT_TARGET = 15.5;
				MTL_ENABLE_DEBUG_INFO = INCLUDE_SOURCE;
				MTL_FAST_MATH = YES;
				ONLY_ACTIVE_ARCH = YES;
				SDKROOT = iphoneos;
				SWIFT_ACTIVE_COMPILATION_CONDITIONS = DEBUG;
				SWIFT_OPTIMIZATION_LEVEL = "-Onone";
			};
			name = Debug;
		};
		847028A8285892FA00260E0A /* Release */ = {
			isa = XCBuildConfiguration;
			buildSettings = {
				ALWAYS_SEARCH_USER_PATHS = NO;
				CLANG_ANALYZER_NONNULL = YES;
				CLANG_ANALYZER_NUMBER_OBJECT_CONVERSION = YES_AGGRESSIVE;
				CLANG_CXX_LANGUAGE_STANDARD = "gnu++17";
				CLANG_ENABLE_MODULES = YES;
				CLANG_ENABLE_OBJC_ARC = YES;
				CLANG_ENABLE_OBJC_WEAK = YES;
				CLANG_WARN_BLOCK_CAPTURE_AUTORELEASING = YES;
				CLANG_WARN_BOOL_CONVERSION = YES;
				CLANG_WARN_COMMA = YES;
				CLANG_WARN_CONSTANT_CONVERSION = YES;
				CLANG_WARN_DEPRECATED_OBJC_IMPLEMENTATIONS = YES;
				CLANG_WARN_DIRECT_OBJC_ISA_USAGE = YES_ERROR;
				CLANG_WARN_DOCUMENTATION_COMMENTS = YES;
				CLANG_WARN_EMPTY_BODY = YES;
				CLANG_WARN_ENUM_CONVERSION = YES;
				CLANG_WARN_INFINITE_RECURSION = YES;
				CLANG_WARN_INT_CONVERSION = YES;
				CLANG_WARN_NON_LITERAL_NULL_CONVERSION = YES;
				CLANG_WARN_OBJC_IMPLICIT_RETAIN_SELF = YES;
				CLANG_WARN_OBJC_LITERAL_CONVERSION = YES;
				CLANG_WARN_OBJC_ROOT_CLASS = YES_ERROR;
				CLANG_WARN_QUOTED_INCLUDE_IN_FRAMEWORK_HEADER = YES;
				CLANG_WARN_RANGE_LOOP_ANALYSIS = YES;
				CLANG_WARN_STRICT_PROTOTYPES = YES;
				CLANG_WARN_SUSPICIOUS_MOVE = YES;
				CLANG_WARN_UNGUARDED_AVAILABILITY = YES_AGGRESSIVE;
				CLANG_WARN_UNREACHABLE_CODE = YES;
				CLANG_WARN__DUPLICATE_METHOD_MATCH = YES;
				COPY_PHASE_STRIP = NO;
				DEBUG_INFORMATION_FORMAT = "dwarf-with-dsym";
				ENABLE_NS_ASSERTIONS = NO;
				ENABLE_STRICT_OBJC_MSGSEND = YES;
				GCC_C_LANGUAGE_STANDARD = gnu11;
				GCC_NO_COMMON_BLOCKS = YES;
				GCC_WARN_64_TO_32_BIT_CONVERSION = YES;
				GCC_WARN_ABOUT_RETURN_TYPE = YES_ERROR;
				GCC_WARN_UNDECLARED_SELECTOR = YES;
				GCC_WARN_UNINITIALIZED_AUTOS = YES_AGGRESSIVE;
				GCC_WARN_UNUSED_FUNCTION = YES;
				GCC_WARN_UNUSED_VARIABLE = YES;
				IPHONEOS_DEPLOYMENT_TARGET = 15.5;
				MTL_ENABLE_DEBUG_INFO = NO;
				MTL_FAST_MATH = YES;
				SDKROOT = iphoneos;
				SWIFT_COMPILATION_MODE = wholemodule;
				SWIFT_OPTIMIZATION_LEVEL = "-O";
				VALIDATE_PRODUCT = YES;
			};
			name = Release;
		};
		847028AA285892FA00260E0A /* Debug */ = {
			isa = XCBuildConfiguration;
			buildSettings = {
				ASSETCATALOG_COMPILER_APPICON_NAME = AppIcon;
				ASSETCATALOG_COMPILER_GLOBAL_ACCENT_COLOR_NAME = AccentColor;
				CODE_SIGN_STYLE = Automatic;
				CURRENT_PROJECT_VERSION = 1;
				DEVELOPMENT_ASSET_PATHS = "\"MVVMPractice/Preview Content\"";
				DEVELOPMENT_TEAM = 24NSJ6VPAA;
				ENABLE_PREVIEWS = YES;
				GENERATE_INFOPLIST_FILE = YES;
				INFOPLIST_KEY_UIApplicationSceneManifest_Generation = YES;
				INFOPLIST_KEY_UIApplicationSupportsIndirectInputEvents = YES;
				INFOPLIST_KEY_UILaunchScreen_Generation = YES;
				INFOPLIST_KEY_UISupportedInterfaceOrientations_iPad = "UIInterfaceOrientationPortrait UIInterfaceOrientationPortraitUpsideDown UIInterfaceOrientationLandscapeLeft UIInterfaceOrientationLandscapeRight";
				INFOPLIST_KEY_UISupportedInterfaceOrientations_iPhone = "UIInterfaceOrientationPortrait UIInterfaceOrientationLandscapeLeft UIInterfaceOrientationLandscapeRight";
				LD_RUNPATH_SEARCH_PATHS = (
					"$(inherited)",
					"@executable_path/Frameworks",
				);
				MARKETING_VERSION = 1.0;
				PRODUCT_BUNDLE_IDENTIFIER = BizzClan.MVVMPractice;
				PRODUCT_NAME = "$(TARGET_NAME)";
				SWIFT_EMIT_LOC_STRINGS = YES;
				SWIFT_VERSION = 5.0;
				TARGETED_DEVICE_FAMILY = "1,2";
			};
			name = Debug;
		};
		847028AB285892FA00260E0A /* Release */ = {
			isa = XCBuildConfiguration;
			buildSettings = {
				ASSETCATALOG_COMPILER_APPICON_NAME = AppIcon;
				ASSETCATALOG_COMPILER_GLOBAL_ACCENT_COLOR_NAME = AccentColor;
				CODE_SIGN_STYLE = Automatic;
				CURRENT_PROJECT_VERSION = 1;
				DEVELOPMENT_ASSET_PATHS = "\"MVVMPractice/Preview Content\"";
				DEVELOPMENT_TEAM = 24NSJ6VPAA;
				ENABLE_PREVIEWS = YES;
				GENERATE_INFOPLIST_FILE = YES;
				INFOPLIST_KEY_UIApplicationSceneManifest_Generation = YES;
				INFOPLIST_KEY_UIApplicationSupportsIndirectInputEvents = YES;
				INFOPLIST_KEY_UILaunchScreen_Generation = YES;
				INFOPLIST_KEY_UISupportedInterfaceOrientations_iPad = "UIInterfaceOrientationPortrait UIInterfaceOrientationPortraitUpsideDown UIInterfaceOrientationLandscapeLeft UIInterfaceOrientationLandscapeRight";
				INFOPLIST_KEY_UISupportedInterfaceOrientations_iPhone = "UIInterfaceOrientationPortrait UIInterfaceOrientationLandscapeLeft UIInterfaceOrientationLandscapeRight";
				LD_RUNPATH_SEARCH_PATHS = (
					"$(inherited)",
					"@executable_path/Frameworks",
				);
				MARKETING_VERSION = 1.0;
				PRODUCT_BUNDLE_IDENTIFIER = BizzClan.MVVMPractice;
				PRODUCT_NAME = "$(TARGET_NAME)";
				SWIFT_EMIT_LOC_STRINGS = YES;
				SWIFT_VERSION = 5.0;
				TARGETED_DEVICE_FAMILY = "1,2";
			};
			name = Release;
		};
		847028AD285892FA00260E0A /* Debug */ = {
			isa = XCBuildConfiguration;
			buildSettings = {
				ALWAYS_EMBED_SWIFT_STANDARD_LIBRARIES = YES;
				BUNDLE_LOADER = "$(TEST_HOST)";
				CODE_SIGN_STYLE = Automatic;
				CURRENT_PROJECT_VERSION = 1;
				DEVELOPMENT_TEAM = 24NSJ6VPAA;
				GENERATE_INFOPLIST_FILE = YES;
				IPHONEOS_DEPLOYMENT_TARGET = 15.5;
				MARKETING_VERSION = 1.0;
				PRODUCT_BUNDLE_IDENTIFIER = BizzClan.MVVMPracticeTests;
				PRODUCT_NAME = "$(TARGET_NAME)";
				SWIFT_EMIT_LOC_STRINGS = NO;
				SWIFT_VERSION = 5.0;
				TARGETED_DEVICE_FAMILY = "1,2";
				TEST_HOST = "$(BUILT_PRODUCTS_DIR)/MVVMPractice.app/MVVMPractice";
			};
			name = Debug;
		};
		847028AE285892FA00260E0A /* Release */ = {
			isa = XCBuildConfiguration;
			buildSettings = {
				ALWAYS_EMBED_SWIFT_STANDARD_LIBRARIES = YES;
				BUNDLE_LOADER = "$(TEST_HOST)";
				CODE_SIGN_STYLE = Automatic;
				CURRENT_PROJECT_VERSION = 1;
				DEVELOPMENT_TEAM = 24NSJ6VPAA;
				GENERATE_INFOPLIST_FILE = YES;
				IPHONEOS_DEPLOYMENT_TARGET = 15.5;
				MARKETING_VERSION = 1.0;
				PRODUCT_BUNDLE_IDENTIFIER = BizzClan.MVVMPracticeTests;
				PRODUCT_NAME = "$(TARGET_NAME)";
				SWIFT_EMIT_LOC_STRINGS = NO;
				SWIFT_VERSION = 5.0;
				TARGETED_DEVICE_FAMILY = "1,2";
				TEST_HOST = "$(BUILT_PRODUCTS_DIR)/MVVMPractice.app/MVVMPractice";
			};
			name = Release;
		};
		847028B0285892FA00260E0A /* Debug */ = {
			isa = XCBuildConfiguration;
			buildSettings = {
				ALWAYS_EMBED_SWIFT_STANDARD_LIBRARIES = YES;
				CODE_SIGN_STYLE = Automatic;
				CURRENT_PROJECT_VERSION = 1;
				DEVELOPMENT_TEAM = 24NSJ6VPAA;
				GENERATE_INFOPLIST_FILE = YES;
				MARKETING_VERSION = 1.0;
				PRODUCT_BUNDLE_IDENTIFIER = BizzClan.MVVMPracticeUITests;
				PRODUCT_NAME = "$(TARGET_NAME)";
				SWIFT_EMIT_LOC_STRINGS = NO;
				SWIFT_VERSION = 5.0;
				TARGETED_DEVICE_FAMILY = "1,2";
				TEST_TARGET_NAME = MVVMPractice;
			};
			name = Debug;
		};
		847028B1285892FA00260E0A /* Release */ = {
			isa = XCBuildConfiguration;
			buildSettings = {
				ALWAYS_EMBED_SWIFT_STANDARD_LIBRARIES = YES;
				CODE_SIGN_STYLE = Automatic;
				CURRENT_PROJECT_VERSION = 1;
				DEVELOPMENT_TEAM = 24NSJ6VPAA;
				GENERATE_INFOPLIST_FILE = YES;
				MARKETING_VERSION = 1.0;
				PRODUCT_BUNDLE_IDENTIFIER = BizzClan.MVVMPracticeUITests;
				PRODUCT_NAME = "$(TARGET_NAME)";
				SWIFT_EMIT_LOC_STRINGS = NO;
				SWIFT_VERSION = 5.0;
				TARGETED_DEVICE_FAMILY = "1,2";
				TEST_TARGET_NAME = MVVMPractice;
			};
			name = Release;
		};
/* End XCBuildConfiguration section */

/* Begin XCConfigurationList section */
		84702880285892F600260E0A /* Build configuration list for PBXProject "MVVMPractice" */ = {
			isa = XCConfigurationList;
			buildConfigurations = (
				847028A7285892FA00260E0A /* Debug */,
				847028A8285892FA00260E0A /* Release */,
			);
			defaultConfigurationIsVisible = 0;
			defaultConfigurationName = Release;
		};
		847028A9285892FA00260E0A /* Build configuration list for PBXNativeTarget "MVVMPractice" */ = {
			isa = XCConfigurationList;
			buildConfigurations = (
				847028AA285892FA00260E0A /* Debug */,
				847028AB285892FA00260E0A /* Release */,
			);
			defaultConfigurationIsVisible = 0;
			defaultConfigurationName = Release;
		};
		847028AC285892FA00260E0A /* Build configuration list for PBXNativeTarget "MVVMPracticeTests" */ = {
			isa = XCConfigurationList;
			buildConfigurations = (
				847028AD285892FA00260E0A /* Debug */,
				847028AE285892FA00260E0A /* Release */,
			);
			defaultConfigurationIsVisible = 0;
			defaultConfigurationName = Release;
		};
		847028AF285892FA00260E0A /* Build configuration list for PBXNativeTarget "MVVMPracticeUITests" */ = {
			isa = XCConfigurationList;
			buildConfigurations = (
				847028B0285892FA00260E0A /* Debug */,
				847028B1285892FA00260E0A /* Release */,
			);
			defaultConfigurationIsVisible = 0;
			defaultConfigurationName = Release;
		};
/* End XCConfigurationList section */
	};
	rootObject = 8470287D285892F600260E0A /* Project object */;
}
